
Microsoft Visual Studio Solution File, Format Version 12.00
# Visual Studio 15
VisualStudioVersion = 15.0.26124.0
MinimumVisualStudioVersion = 15.0.26124.0
Project("{2150E333-8FDC-42A3-9474-1A3956D46DE8}") = "src", "src", "{BB7BE71A-5EFB-4F86-958A-98C42C22FC94}"
EndProject
Project("{FAE04EC0-301F-11D3-BF4B-00C04F79EFBC}") = "Structured.Logging.WebApp", "src\Structured.Logging.WebApp\Structured.Logging.WebApp.csproj", "{A3DC552A-C517-4F8C-8C2D-597717BC0D93}"
EndProject
Global
	GlobalSection(SolutionConfigurationPlatforms) = preSolution
		Debug|Any CPU = Debug|Any CPU
		Debug|x64 = Debug|x64
		Debug|x86 = Debug|x86
		Release|Any CPU = Release|Any CPU
		Release|x64 = Release|x64
		Release|x86 = Release|x86
	EndGlobalSection
	GlobalSection(SolutionProperties) = preSolution
		HideSolutionNode = FALSE
	EndGlobalSection
	GlobalSection(ProjectConfigurationPlatforms) = postSolution
		{A3DC552A-C517-4F8C-8C2D-597717BC0D93}.Debug|Any CPU.ActiveCfg = Debug|Any CPU
		{A3DC552A-C517-4F8C-8C2D-597717BC0D93}.Debug|Any CPU.Build.0 = Debug|Any CPU
		{A3DC552A-C517-4F8C-8C2D-597717BC0D93}.Debug|x64.ActiveCfg = Debug|Any CPU
		{A3DC552A-C517-4F8C-8C2D-597717BC0D93}.Debug|x64.Build.0 = Debug|Any CPU
		{A3DC552A-C517-4F8C-8C2D-597717BC0D93}.Debug|x86.ActiveCfg = Debug|Any CPU
		{A3DC552A-C517-4F8C-8C2D-597717BC0D93}.Debug|x86.Build.0 = Debug|Any CPU
		{A3DC552A-C517-4F8C-8C2D-597717BC0D93}.Release|Any CPU.ActiveCfg = Release|Any CPU
		{A3DC552A-C517-4F8C-8C2D-597717BC0D93}.Release|Any CPU.Build.0 = Release|Any CPU
		{A3DC552A-C517-4F8C-8C2D-597717BC0D93}.Release|x64.ActiveCfg = Release|Any CPU
		{A3DC552A-C517-4F8C-8C2D-597717BC0D93}.Release|x64.Build.0 = Release|Any CPU
		{A3DC552A-C517-4F8C-8C2D-597717BC0D93}.Release|x86.ActiveCfg = Release|Any CPU
		{A3DC552A-C517-4F8C-8C2D-597717BC0D93}.Release|x86.Build.0 = Release|Any CPU
	EndGlobalSection
	GlobalSection(NestedProjects) = preSolution
		{A3DC552A-C517-4F8C-8C2D-597717BC0D93} = {BB7BE71A-5EFB-4F86-958A-98C42C22FC94}
	EndGlobalSection
EndGlobal
